// !$*UTF8*$!
{
	archiveVersion = 1;
	classes = {
	};
	objectVersion = 46;
	objects = {

/* Begin PBXBuildFile section */
		304BDFB714CF418E00F056DF /* UIKit.framework in Frameworks */ = {isa = PBXBuildFile; fileRef = 304BDFB614CF418E00F056DF /* UIKit.framework */; };
		304BDFB914CF418E00F056DF /* Foundation.framework in Frameworks */ = {isa = PBXBuildFile; fileRef = 304BDFB814CF418E00F056DF /* Foundation.framework */; };
		304BDFBB14CF418E00F056DF /* CoreGraphics.framework in Frameworks */ = {isa = PBXBuildFile; fileRef = 304BDFBA14CF418E00F056DF /* CoreGraphics.framework */; };
		304BDFC114CF418E00F056DF /* InfoPlist.strings in Resources */ = {isa = PBXBuildFile; fileRef = 304BDFBF14CF418E00F056DF /* InfoPlist.strings */; };
		304BDFC314CF418E00F056DF /* main.m in Sources */ = {isa = PBXBuildFile; fileRef = 304BDFC214CF418E00F056DF /* main.m */; };
		304BDFC714CF418E00F056DF /* AppDelegate.m in Sources */ = {isa = PBXBuildFile; fileRef = 304BDFC614CF418E00F056DF /* AppDelegate.m */; };
		304BDFCA14CF418E00F056DF /* ViewController.m in Sources */ = {isa = PBXBuildFile; fileRef = 304BDFC914CF418E00F056DF /* ViewController.m */; };
		304BDFCD14CF418E00F056DF /* ViewController.xib in Resources */ = {isa = PBXBuildFile; fileRef = 304BDFCB14CF418E00F056DF /* ViewController.xib */; };
/* End PBXBuildFile section */

/* Begin PBXFileReference section */
		304BDFB214CF418E00F056DF /* Requests.app */ = {isa = PBXFileReference; explicitFileType = wrapper.application; includeInIndex = 0; path = Requests.app; sourceTree = BUILT_PRODUCTS_DIR; };
		304BDFB614CF418E00F056DF /* UIKit.framework */ = {isa = PBXFileReference; lastKnownFileType = wrapper.framework; name = UIKit.framework; path = System/Library/Frameworks/UIKit.framework; sourceTree = SDKROOT; };
		304BDFB814CF418E00F056DF /* Foundation.framework */ = {isa = PBXFileReference; lastKnownFileType = wrapper.framework; name = Foundation.framework; path = System/Library/Frameworks/Foundation.framework; sourceTree = SDKROOT; };
		304BDFBA14CF418E00F056DF /* CoreGraphics.framework */ = {isa = PBXFileReference; lastKnownFileType = wrapper.framework; name = CoreGraphics.framework; path = System/Library/Frameworks/CoreGraphics.framework; sourceTree = SDKROOT; };
		304BDFBE14CF418E00F056DF /* Requests-Info.plist */ = {isa = PBXFileReference; lastKnownFileType = text.plist.xml; path = "Requests-Info.plist"; sourceTree = "<group>"; };
		304BDFC014CF418E00F056DF /* en */ = {isa = PBXFileReference; lastKnownFileType = text.plist.strings; name = en; path = en.lproj/InfoPlist.strings; sourceTree = "<group>"; };
		304BDFC214CF418E00F056DF /* main.m */ = {isa = PBXFileReference; lastKnownFileType = sourcecode.c.objc; path = main.m; sourceTree = "<group>"; };
		304BDFC414CF418E00F056DF /* Requests-Prefix.pch */ = {isa = PBXFileReference; lastKnownFileType = sourcecode.c.h; path = "Requests-Prefix.pch"; sourceTree = "<group>"; };
		304BDFC514CF418E00F056DF /* AppDelegate.h */ = {isa = PBXFileReference; lastKnownFileType = sourcecode.c.h; path = AppDelegate.h; sourceTree = "<group>"; };
		304BDFC614CF418E00F056DF /* AppDelegate.m */ = {isa = PBXFileReference; lastKnownFileType = sourcecode.c.objc; path = AppDelegate.m; sourceTree = "<group>"; };
		304BDFC814CF418E00F056DF /* ViewController.h */ = {isa = PBXFileReference; lastKnownFileType = sourcecode.c.h; path = ViewController.h; sourceTree = "<group>"; };
		304BDFC914CF418E00F056DF /* ViewController.m */ = {isa = PBXFileReference; lastKnownFileType = sourcecode.c.objc; path = ViewController.m; sourceTree = "<group>"; };
		304BDFCC14CF418E00F056DF /* en */ = {isa = PBXFileReference; lastKnownFileType = file.xib; name = en; path = en.lproj/ViewController.xib; sourceTree = "<group>"; };
/* End PBXFileReference section */

/* Begin PBXFrameworksBuildPhase section */
		304BDFAF14CF418E00F056DF /* Frameworks */ = {
			isa = PBXFrameworksBuildPhase;
			buildActionMask = 2147483647;
			files = (
				304BDFB714CF418E00F056DF /* UIKit.framework in Frameworks */,
				304BDFB914CF418E00F056DF /* Foundation.framework in Frameworks */,
				304BDFBB14CF418E00F056DF /* CoreGraphics.framework in Frameworks */,
			);
			runOnlyForDeploymentPostprocessing = 0;
		};
/* End PBXFrameworksBuildPhase section */

/* Begin PBXGroup section */
		304BDFA714CF418D00F056DF = {
			isa = PBXGroup;
			children = (
				304BDFBC14CF418E00F056DF /* Requests */,
				304BDFB514CF418E00F056DF /* Frameworks */,
				304BDFB314CF418E00F056DF /* Products */,
			);
			sourceTree = "<group>";
		};
		304BDFB314CF418E00F056DF /* Products */ = {
			isa = PBXGroup;
			children = (
				304BDFB214CF418E00F056DF /* Requests.app */,
			);
			name = Products;
			sourceTree = "<group>";
		};
		304BDFB514CF418E00F056DF /* Frameworks */ = {
			isa = PBXGroup;
			children = (
				304BDFB614CF418E00F056DF /* UIKit.framework */,
				304BDFB814CF418E00F056DF /* Foundation.framework */,
				304BDFBA14CF418E00F056DF /* CoreGraphics.framework */,
			);
			name = Frameworks;
			sourceTree = "<group>";
		};
		304BDFBC14CF418E00F056DF /* Requests */ = {
			isa = PBXGroup;
			children = (
				304BDFC514CF418E00F056DF /* AppDelegate.h */,
				304BDFC614CF418E00F056DF /* AppDelegate.m */,
				304BDFC814CF418E00F056DF /* ViewController.h */,
				304BDFC914CF418E00F056DF /* ViewController.m */,
				304BDFCB14CF418E00F056DF /* ViewController.xib */,
				304BDFBD14CF418E00F056DF /* Supporting Files */,
			);
			path = Requests;
			sourceTree = "<group>";
		};
		304BDFBD14CF418E00F056DF /* Supporting Files */ = {
			isa = PBXGroup;
			children = (
				304BDFBE14CF418E00F056DF /* Requests-Info.plist */,
				304BDFBF14CF418E00F056DF /* InfoPlist.strings */,
				304BDFC214CF418E00F056DF /* main.m */,
				304BDFC414CF418E00F056DF /* Requests-Prefix.pch */,
			);
			name = "Supporting Files";
			sourceTree = "<group>";
		};
/* End PBXGroup section */

/* Begin PBXNativeTarget section */
		304BDFB114CF418E00F056DF /* Requests */ = {
			isa = PBXNativeTarget;
			buildConfigurationList = 304BDFD014CF418E00F056DF /* Build configuration list for PBXNativeTarget "Requests" */;
			buildPhases = (
				304BDFAE14CF418E00F056DF /* Sources */,
				304BDFAF14CF418E00F056DF /* Frameworks */,
				304BDFB014CF418E00F056DF /* Resources */,
			);
			buildRules = (
			);
			dependencies = (
			);
			name = Requests;
			productName = Requests;
			productReference = 304BDFB214CF418E00F056DF /* Requests.app */;
			productType = "com.apple.product-type.application";
		};
/* End PBXNativeTarget section */

/* Begin PBXProject section */
		304BDFA914CF418D00F056DF /* Project object */ = {
			isa = PBXProject;
			attributes = {
				LastUpgradeCheck = 0430;
			};
			buildConfigurationList = 304BDFAC14CF418D00F056DF /* Build configuration list for PBXProject "Requests" */;
			compatibilityVersion = "Xcode 3.2";
			developmentRegion = English;
			hasScannedForEncodings = 0;
			knownRegions = (
				en,
			);
			mainGroup = 304BDFA714CF418D00F056DF;
			productRefGroup = 304BDFB314CF418E00F056DF /* Products */;
			projectDirPath = "";
			projectRoot = "";
			targets = (
				304BDFB114CF418E00F056DF /* Requests */,
			);
		};
/* End PBXProject section */

/* Begin PBXResourcesBuildPhase section */
		304BDFB014CF418E00F056DF /* Resources */ = {
			isa = PBXResourcesBuildPhase;
			buildActionMask = 2147483647;
			files = (
				304BDFC114CF418E00F056DF /* InfoPlist.strings in Resources */,
				304BDFCD14CF418E00F056DF /* ViewController.xib in Resources */,
			);
			runOnlyForDeploymentPostprocessing = 0;
		};
/* End PBXResourcesBuildPhase section */

/* Begin PBXSourcesBuildPhase section */
		304BDFAE14CF418E00F056DF /* Sources */ = {
			isa = PBXSourcesBuildPhase;
			buildActionMask = 2147483647;
			files = (
				304BDFC314CF418E00F056DF /* main.m in Sources */,
				304BDFC714CF418E00F056DF /* AppDelegate.m in Sources */,
				304BDFCA14CF418E00F056DF /* ViewController.m in Sources */,
			);
			runOnlyForDeploymentPostprocessing = 0;
		};
/* End PBXSourcesBuildPhase section */

/* Begin PBXVariantGroup section */
		304BDFBF14CF418E00F056DF /* InfoPlist.strings */ = {
			isa = PBXVariantGroup;
			children = (
				304BDFC014CF418E00F056DF /* en */,
			);
			name = InfoPlist.strings;
			sourceTree = "<group>";
		};
		304BDFCB14CF418E00F056DF /* ViewController.xib */ = {
			isa = PBXVariantGroup;
			children = (
				304BDFCC14CF418E00F056DF /* en */,
			);
			name = ViewController.xib;
			sourceTree = "<group>";
		};
/* End PBXVariantGroup section */

/* Begin XCBuildConfiguration section */
		304BDFCE14CF418E00F056DF /* Debug */ = {
			isa = XCBuildConfiguration;
			buildSettings = {
				ALWAYS_SEARCH_USER_PATHS = NO;
				ARCHS = "$(ARCHS_STANDARD_32_BIT)";
				"CODE_SIGN_IDENTITY[sdk=iphoneos*]" = "iPhone Developer";
				COPY_PHASE_STRIP = NO;
				GCC_C_LANGUAGE_STANDARD = gnu99;
				GCC_DYNAMIC_NO_PIC = NO;
				GCC_OPTIMIZATION_LEVEL = 0;
				GCC_PREPROCESSOR_DEFINITIONS = (
					"DEBUG=1",
					"$(inherited)",
				);
				GCC_SYMBOLS_PRIVATE_EXTERN = NO;
				GCC_VERSION = com.apple.compilers.llvm.clang.1_0;
				GCC_WARN_ABOUT_MISSING_PROTOTYPES = YES;
				GCC_WARN_ABOUT_RETURN_TYPE = YES;
				GCC_WARN_UNUSED_VARIABLE = YES;
				IPHONEOS_DEPLOYMENT_TARGET = 4.1;
				SDKROOT = iphoneos;
			};
			name = Debug;
		};
		304BDFCF14CF418E00F056DF /* Release */ = {
			isa = XCBuildConfiguration;
			buildSettings = {
				ALWAYS_SEARCH_USER_PATHS = NO;
				ARCHS = "$(ARCHS_STANDARD_32_BIT)";
				"CODE_SIGN_IDENTITY[sdk=iphoneos*]" = "iPhone Developer";
				COPY_PHASE_STRIP = YES;
				GCC_C_LANGUAGE_STANDARD = gnu99;
				GCC_VERSION = com.apple.compilers.llvm.clang.1_0;
				GCC_WARN_ABOUT_MISSING_PROTOTYPES = YES;
				GCC_WARN_ABOUT_RETURN_TYPE = YES;
				GCC_WARN_UNUSED_VARIABLE = YES;
				IPHONEOS_DEPLOYMENT_TARGET = 4.1;
				OTHER_CFLAGS = "-DNS_BLOCK_ASSERTIONS=1";
				SDKROOT = iphoneos;
				VALIDATE_PRODUCT = YES;
			};
			name = Release;
		};
		304BDFD114CF418E00F056DF /* Debug */ = {
			isa = XCBuildConfiguration;
			buildSettings = {
				GCC_PRECOMPILE_PREFIX_HEADER = YES;
				GCC_PREFIX_HEADER = "Requests/Requests-Prefix.pch";
				INFOPLIST_FILE = "Requests/Requests-Info.plist";
				PRODUCT_NAME = "$(TARGET_NAME)";
				WRAPPER_EXTENSION = app;
			};
			name = Debug;
		};
		304BDFD214CF418E00F056DF /* Release */ = {
			isa = XCBuildConfiguration;
			buildSettings = {
				GCC_PRECOMPILE_PREFIX_HEADER = YES;
				GCC_PREFIX_HEADER = "Requests/Requests-Prefix.pch";
				INFOPLIST_FILE = "Requests/Requests-Info.plist";
				PRODUCT_NAME = "$(TARGET_NAME)";
				WRAPPER_EXTENSION = app;
			};
			name = Release;
		};
/* End XCBuildConfiguration section */

/* Begin XCConfigurationList section */
		304BDFAC14CF418D00F056DF /* Build configuration list for PBXProject "Requests" */ = {
			isa = XCConfigurationList;
			buildConfigurations = (
				304BDFCE14CF418E00F056DF /* Debug */,
				304BDFCF14CF418E00F056DF /* Release */,
			);
			defaultConfigurationIsVisible = 0;
			defaultConfigurationName = Release;
		};
		304BDFD014CF418E00F056DF /* Build configuration list for PBXNativeTarget "Requests" */ = {
			isa = XCConfigurationList;
			buildConfigurations = (
				304BDFD114CF418E00F056DF /* Debug */,
				304BDFD214CF418E00F056DF /* Release */,
			);
			defaultConfigurationIsVisible = 0;
			defaultConfigurationName = Release;
		};
/* End XCConfigurationList section */
	};
	rootObject = 304BDFA914CF418D00F056DF /* Project object */;
}
